
Microsoft Visual Studio Solution File, Format Version 12.00
# Visual Studio Version 17
VisualStudioVersion = 17.0.31903.59
MinimumVisualStudioVersion = 10.0.40219.1
Project("{2150E333-8FDC-42A3-9474-1A3956D46DE8}") = "src", "src", "{827E0CD3-B72D-47B6-A68D-7590B98EB39B}"
EndProject
Project("{FAE04EC0-301F-11D3-BF4B-00C04F79EFBC}") = "GameAnalytics.Core", "src\GameAnalytics.Core\GameAnalytics.Core.csproj", "{84312A72-B9B4-4655-B262-8ADF8167AA98}"
EndProject
Project("{FAE04EC0-301F-11D3-BF4B-00C04F79EFBC}") = "GameAnalytics.Infrastructure", "src\GameAnalytics.Infrastructure\GameAnalytics.Infrastructure.csproj", "{26513080-8F13-425C-9B52-97FB45E98158}"
EndProject
Project("{FAE04EC0-301F-11D3-BF4B-00C04F79EFBC}") = "GameAnalytics.ML", "src\GameAnalytics.ML\GameAnalytics.ML.csproj", "{8C16E8B2-ACF4-4F00-96C5-90E42206D23C}"
EndProject
Project("{FAE04EC0-301F-11D3-BF4B-00C04F79EFBC}") = "GameAnalytics.Desktop", "src\GameAnalytics.Desktop\GameAnalytics.Desktop.csproj", "{89F35B13-5350-4BA5-BC33-6A2096679B1D}"
EndProject
Project("{2150E333-8FDC-42A3-9474-1A3956D46DE8}") = "tests", "tests", "{0AB3BF05-4346-4AA6-1389-037BE0695223}"
EndProject
Project("{FAE04EC0-301F-11D3-BF4B-00C04F79EFBC}") = "GameAnalytics.Tests", "tests\GameAnalytics.Tests\GameAnalytics.Tests.csproj", "{B7965947-CB2C-43EA-8982-88CA39F8FEDA}"
EndProject
Global
	GlobalSection(SolutionConfigurationPlatforms) = preSolution
		Debug|Any CPU = Debug|Any CPU
		Debug|x64 = Debug|x64
		Debug|x86 = Debug|x86
		Release|Any CPU = Release|Any CPU
		Release|x64 = Release|x64
		Release|x86 = Release|x86
	EndGlobalSection
	GlobalSection(ProjectConfigurationPlatforms) = postSolution
		{84312A72-B9B4-4655-B262-8ADF8167AA98}.Debug|Any CPU.ActiveCfg = Debug|Any CPU
		{84312A72-B9B4-4655-B262-8ADF8167AA98}.Debug|Any CPU.Build.0 = Debug|Any CPU
		{84312A72-B9B4-4655-B262-8ADF8167AA98}.Debug|x64.ActiveCfg = Debug|Any CPU
		{84312A72-B9B4-4655-B262-8ADF8167AA98}.Debug|x64.Build.0 = Debug|Any CPU
		{84312A72-B9B4-4655-B262-8ADF8167AA98}.Debug|x86.ActiveCfg = Debug|Any CPU
		{84312A72-B9B4-4655-B262-8ADF8167AA98}.Debug|x86.Build.0 = Debug|Any CPU
		{84312A72-B9B4-4655-B262-8ADF8167AA98}.Release|Any CPU.ActiveCfg = Release|Any CPU
		{84312A72-B9B4-4655-B262-8ADF8167AA98}.Release|Any CPU.Build.0 = Release|Any CPU
		{84312A72-B9B4-4655-B262-8ADF8167AA98}.Release|x64.ActiveCfg = Release|Any CPU
		{84312A72-B9B4-4655-B262-8ADF8167AA98}.Release|x64.Build.0 = Release|Any CPU
		{84312A72-B9B4-4655-B262-8ADF8167AA98}.Release|x86.ActiveCfg = Release|Any CPU
		{84312A72-B9B4-4655-B262-8ADF8167AA98}.Release|x86.Build.0 = Release|Any CPU
		{26513080-8F13-425C-9B52-97FB45E98158}.Debug|Any CPU.ActiveCfg = Debug|Any CPU
		{26513080-8F13-425C-9B52-97FB45E98158}.Debug|Any CPU.Build.0 = Debug|Any CPU
		{26513080-8F13-425C-9B52-97FB45E98158}.Debug|x64.ActiveCfg = Debug|Any CPU
		{26513080-8F13-425C-9B52-97FB45E98158}.Debug|x64.Build.0 = Debug|Any CPU
		{26513080-8F13-425C-9B52-97FB45E98158}.Debug|x86.ActiveCfg = Debug|Any CPU
		{26513080-8F13-425C-9B52-97FB45E98158}.Debug|x86.Build.0 = Debug|Any CPU
		{26513080-8F13-425C-9B52-97FB45E98158}.Release|Any CPU.ActiveCfg = Release|Any CPU
		{26513080-8F13-425C-9B52-97FB45E98158}.Release|Any CPU.Build.0 = Release|Any CPU
		{26513080-8F13-425C-9B52-97FB45E98158}.Release|x64.ActiveCfg = Release|Any CPU
		{26513080-8F13-425C-9B52-97FB45E98158}.Release|x64.Build.0 = Release|Any CPU
		{26513080-8F13-425C-9B52-97FB45E98158}.Release|x86.ActiveCfg = Release|Any CPU
		{26513080-8F13-425C-9B52-97FB45E98158}.Release|x86.Build.0 = Release|Any CPU
		{8C16E8B2-ACF4-4F00-96C5-90E42206D23C}.Debug|Any CPU.ActiveCfg = Debug|Any CPU
		{8C16E8B2-ACF4-4F00-96C5-90E42206D23C}.Debug|Any CPU.Build.0 = Debug|Any CPU
		{8C16E8B2-ACF4-4F00-96C5-90E42206D23C}.Debug|x64.ActiveCfg = Debug|Any CPU
		{8C16E8B2-ACF4-4F00-96C5-90E42206D23C}.Debug|x64.Build.0 = Debug|Any CPU
		{8C16E8B2-ACF4-4F00-96C5-90E42206D23C}.Debug|x86.ActiveCfg = Debug|Any CPU
		{8C16E8B2-ACF4-4F00-96C5-90E42206D23C}.Debug|x86.Build.0 = Debug|Any CPU
		{8C16E8B2-ACF4-4F00-96C5-90E42206D23C}.Release|Any CPU.ActiveCfg = Release|Any CPU
		{8C16E8B2-ACF4-4F00-96C5-90E42206D23C}.Release|Any CPU.Build.0 = Release|Any CPU
		{8C16E8B2-ACF4-4F00-96C5-90E42206D23C}.Release|x64.ActiveCfg = Release|Any CPU
		{8C16E8B2-ACF4-4F00-96C5-90E42206D23C}.Release|x64.Build.0 = Release|Any CPU
		{8C16E8B2-ACF4-4F00-96C5-90E42206D23C}.Release|x86.ActiveCfg = Release|Any CPU
		{8C16E8B2-ACF4-4F00-96C5-90E42206D23C}.Release|x86.Build.0 = Release|Any CPU
		{89F35B13-5350-4BA5-BC33-6A2096679B1D}.Debug|Any CPU.ActiveCfg = Debug|Any CPU
		{89F35B13-5350-4BA5-BC33-6A2096679B1D}.Debug|Any CPU.Build.0 = Debug|Any CPU
		{89F35B13-5350-4BA5-BC33-6A2096679B1D}.Debug|x64.ActiveCfg = Debug|Any CPU
		{89F35B13-5350-4BA5-BC33-6A2096679B1D}.Debug|x64.Build.0 = Debug|Any CPU
		{89F35B13-5350-4BA5-BC33-6A2096679B1D}.Debug|x86.ActiveCfg = Debug|Any CPU
		{89F35B13-5350-4BA5-BC33-6A2096679B1D}.Debug|x86.Build.0 = Debug|Any CPU
		{89F35B13-5350-4BA5-BC33-6A2096679B1D}.Release|Any CPU.ActiveCfg = Release|Any CPU
		{89F35B13-5350-4BA5-BC33-6A2096679B1D}.Release|Any CPU.Build.0 = Release|Any CPU
		{89F35B13-5350-4BA5-BC33-6A2096679B1D}.Release|x64.ActiveCfg = Release|Any CPU
		{89F35B13-5350-4BA5-BC33-6A2096679B1D}.Release|x64.Build.0 = Release|Any CPU
		{89F35B13-5350-4BA5-BC33-6A2096679B1D}.Release|x86.ActiveCfg = Release|Any CPU
		{89F35B13-5350-4BA5-BC33-6A2096679B1D}.Release|x86.Build.0 = Release|Any CPU
		{B7965947-CB2C-43EA-8982-88CA39F8FEDA}.Debug|Any CPU.ActiveCfg = Debug|Any CPU
		{B7965947-CB2C-43EA-8982-88CA39F8FEDA}.Debug|Any CPU.Build.0 = Debug|Any CPU
		{B7965947-CB2C-43EA-8982-88CA39F8FEDA}.Debug|x64.ActiveCfg = Debug|Any CPU
		{B7965947-CB2C-43EA-8982-88CA39F8FEDA}.Debug|x64.Build.0 = Debug|Any CPU
		{B7965947-CB2C-43EA-8982-88CA39F8FEDA}.Debug|x86.ActiveCfg = Debug|Any CPU
		{B7965947-CB2C-43EA-8982-88CA39F8FEDA}.Debug|x86.Build.0 = Debug|Any CPU
		{B7965947-CB2C-43EA-8982-88CA39F8FEDA}.Release|Any CPU.ActiveCfg = Release|Any CPU
		{B7965947-CB2C-43EA-8982-88CA39F8FEDA}.Release|Any CPU.Build.0 = Release|Any CPU
		{B7965947-CB2C-43EA-8982-88CA39F8FEDA}.Release|x64.ActiveCfg = Release|Any CPU
		{B7965947-CB2C-43EA-8982-88CA39F8FEDA}.Release|x64.Build.0 = Release|Any CPU
		{B7965947-CB2C-43EA-8982-88CA39F8FEDA}.Release|x86.ActiveCfg = Release|Any CPU
		{B7965947-CB2C-43EA-8982-88CA39F8FEDA}.Release|x86.Build.0 = Release|Any CPU
	EndGlobalSection
	GlobalSection(SolutionProperties) = preSolution
		HideSolutionNode = FALSE
	EndGlobalSection
	GlobalSection(NestedProjects) = preSolution
		{84312A72-B9B4-4655-B262-8ADF8167AA98} = {827E0CD3-B72D-47B6-A68D-7590B98EB39B}
		{26513080-8F13-425C-9B52-97FB45E98158} = {827E0CD3-B72D-47B6-A68D-7590B98EB39B}
		{8C16E8B2-ACF4-4F00-96C5-90E42206D23C} = {827E0CD3-B72D-47B6-A68D-7590B98EB39B}
		{89F35B13-5350-4BA5-BC33-6A2096679B1D} = {827E0CD3-B72D-47B6-A68D-7590B98EB39B}
		{B7965947-CB2C-43EA-8982-88CA39F8FEDA} = {0AB3BF05-4346-4AA6-1389-037BE0695223}
	EndGlobalSection
EndGlobal
